// !$*UTF8*$!
{
	archiveVersion = 1;
	classes = {
	};
	objectVersion = 54;
	objects = {

/* Begin PBXBuildFile section */
		058557BB273AAA24004C7B11 /* Assets.xcassets in Resources */ = {isa = PBXBuildFile; fileRef = 058557BA273AAA24004C7B11 /* Assets.xcassets */; };
		058557D9273AAEEB004C7B11 /* Preview Assets.xcassets in Resources */ = {isa = PBXBuildFile; fileRef = 058557D8273AAEEB004C7B11 /* Preview Assets.xcassets */; };
		07CA0B2F31E215A3D8EBD604 /* Pods_iosApp.framework in Frameworks */ = {isa = PBXBuildFile; fileRef = A4A973F94C50DD16569E03A1 /* Pods_iosApp.framework */; };
		2152FB042600AC8F00CF470E /* iOSApp.swift in Sources */ = {isa = PBXBuildFile; fileRef = 2152FB032600AC8F00CF470E /* iOSApp.swift */; };
		7555FF83242A565900829871 /* SplashScreen.swift in Sources */ = {isa = PBXBuildFile; fileRef = 7555FF82242A565900829871 /* SplashScreen.swift */; };
		8AD3FFB62C2B4B86003B0367 /* ApplicationDependenciesManager.swift in Sources */ = {isa = PBXBuildFile; fileRef = 8AD3FFB52C2B4B86003B0367 /* ApplicationDependenciesManager.swift */; };
		8AD3FFB82C2B4CE8003B0367 /* LegoraApplicationUtils.swift in Sources */ = {isa = PBXBuildFile; fileRef = 8AD3FFB72C2B4CE8003B0367 /* LegoraApplicationUtils.swift */; };
		8AD3FFBA2C2B4D24003B0367 /* HomeScreen.swift in Sources */ = {isa = PBXBuildFile; fileRef = 8AD3FFB92C2B4D24003B0367 /* HomeScreen.swift */; };
		8AD3FFBC2C2B4D2B003B0367 /* AuthScreen.swift in Sources */ = {isa = PBXBuildFile; fileRef = 8AD3FFBB2C2B4D2B003B0367 /* AuthScreen.swift */; };
		8AD3FFBF2C2E8E0A003B0367 /* LoginScreen.swift in Sources */ = {isa = PBXBuildFile; fileRef = 8AD3FFBE2C2E8E0A003B0367 /* LoginScreen.swift */; };
		8AD3FFC12C2E8E11003B0367 /* RegisterScreen.swift in Sources */ = {isa = PBXBuildFile; fileRef = 8AD3FFC02C2E8E11003B0367 /* RegisterScreen.swift */; };
		8AD3FFC32C2E9643003B0367 /* LegoraThemeStyle.swift in Sources */ = {isa = PBXBuildFile; fileRef = 8AD3FFC22C2E9643003B0367 /* LegoraThemeStyle.swift */; };
		8AD3FFC52C2F3388003B0367 /* AuthViewModel.swift in Sources */ = {isa = PBXBuildFile; fileRef = 8AD3FFC42C2F3388003B0367 /* AuthViewModel.swift */; };
		8AD3FFC82C2F3483003B0367 /* AuthScreenListener.swift in Sources */ = {isa = PBXBuildFile; fileRef = 8AD3FFC72C2F3483003B0367 /* AuthScreenListener.swift */; };
		8AD3FFCB2C2F34C5003B0367 /* AuthViewModelImplementation.swift in Sources */ = {isa = PBXBuildFile; fileRef = 8AD3FFCA2C2F34C5003B0367 /* AuthViewModelImplementation.swift */; };
		8AD3FFCF2C2F374A003B0367 /* LegoraLoadingView.swift in Sources */ = {isa = PBXBuildFile; fileRef = 8AD3FFCE2C2F374A003B0367 /* LegoraLoadingView.swift */; };
		8AD3FFD12C2F3869003B0367 /* ScreensDependencies.swift in Sources */ = {isa = PBXBuildFile; fileRef = 8AD3FFD02C2F3869003B0367 /* ScreensDependencies.swift */; };
		8AD3FFD32C307044003B0367 /* LegoraBottomSheetOptionsPicker.swift in Sources */ = {isa = PBXBuildFile; fileRef = 8AD3FFD22C307044003B0367 /* LegoraBottomSheetOptionsPicker.swift */; };
		8AD3FFD62C30707F003B0367 /* AuthBottomSheetOption.swift in Sources */ = {isa = PBXBuildFile; fileRef = 8AD3FFD52C30707F003B0367 /* AuthBottomSheetOption.swift */; };
		8AD3FFD82C3070BC003B0367 /* AuthSelectionListener.swift in Sources */ = {isa = PBXBuildFile; fileRef = 8AD3FFD72C3070BC003B0367 /* AuthSelectionListener.swift */; };
		8AD3FFDA2C3078EF003B0367 /* ChampionsScreen.swift in Sources */ = {isa = PBXBuildFile; fileRef = 8AD3FFD92C3078EF003B0367 /* ChampionsScreen.swift */; };
		8AD3FFDC2C307901003B0367 /* AccountScreen.swift in Sources */ = {isa = PBXBuildFile; fileRef = 8AD3FFDB2C307901003B0367 /* AccountScreen.swift */; };
		8AD3FFDE2C307910003B0367 /* FeedScreen.swift in Sources */ = {isa = PBXBuildFile; fileRef = 8AD3FFDD2C307910003B0367 /* FeedScreen.swift */; };
		8AD3FFE02C30A556003B0367 /* ChampionsViewModel.swift in Sources */ = {isa = PBXBuildFile; fileRef = 8AD3FFDF2C30A556003B0367 /* ChampionsViewModel.swift */; };
		8AD3FFE22C346B1E003B0367 /* TitleWidget.swift in Sources */ = {isa = PBXBuildFile; fileRef = 8AD3FFE12C346B1E003B0367 /* TitleWidget.swift */; };
		8AD3FFE42C3798F4003B0367 /* ChampionItemView.swift in Sources */ = {isa = PBXBuildFile; fileRef = 8AD3FFE32C3798F4003B0367 /* ChampionItemView.swift */; };
		8AD3FFE62C381BAD003B0367 /* FreeChampionsView.swift in Sources */ = {isa = PBXBuildFile; fileRef = 8AD3FFE52C381BAD003B0367 /* FreeChampionsView.swift */; };
/* End PBXBuildFile section */

/* Begin PBXFileReference section */
		058557BA273AAA24004C7B11 /* Assets.xcassets */ = {isa = PBXFileReference; lastKnownFileType = folder.assetcatalog; path = Assets.xcassets; sourceTree = "<group>"; };
		058557D8273AAEEB004C7B11 /* Preview Assets.xcassets */ = {isa = PBXFileReference; lastKnownFileType = folder.assetcatalog; path = "Preview Assets.xcassets"; sourceTree = "<group>"; };
		2152FB032600AC8F00CF470E /* iOSApp.swift */ = {isa = PBXFileReference; lastKnownFileType = sourcecode.swift; path = iOSApp.swift; sourceTree = "<group>"; };
		7555FF7B242A565900829871 /* iosApp.app */ = {isa = PBXFileReference; explicitFileType = wrapper.application; includeInIndex = 0; path = iosApp.app; sourceTree = BUILT_PRODUCTS_DIR; };
		7555FF82242A565900829871 /* SplashScreen.swift */ = {isa = PBXFileReference; lastKnownFileType = sourcecode.swift; path = SplashScreen.swift; sourceTree = "<group>"; };
		7555FF8C242A565B00829871 /* Info.plist */ = {isa = PBXFileReference; lastKnownFileType = text.plist.xml; path = Info.plist; sourceTree = "<group>"; };
		8AD3FFB52C2B4B86003B0367 /* ApplicationDependenciesManager.swift */ = {isa = PBXFileReference; lastKnownFileType = sourcecode.swift; path = ApplicationDependenciesManager.swift; sourceTree = "<group>"; };
		8AD3FFB72C2B4CE8003B0367 /* LegoraApplicationUtils.swift */ = {isa = PBXFileReference; lastKnownFileType = sourcecode.swift; path = LegoraApplicationUtils.swift; sourceTree = "<group>"; };
		8AD3FFB92C2B4D24003B0367 /* HomeScreen.swift */ = {isa = PBXFileReference; lastKnownFileType = sourcecode.swift; path = HomeScreen.swift; sourceTree = "<group>"; };
		8AD3FFBB2C2B4D2B003B0367 /* AuthScreen.swift */ = {isa = PBXFileReference; lastKnownFileType = sourcecode.swift; path = AuthScreen.swift; sourceTree = "<group>"; };
		8AD3FFBE2C2E8E0A003B0367 /* LoginScreen.swift */ = {isa = PBXFileReference; lastKnownFileType = sourcecode.swift; path = LoginScreen.swift; sourceTree = "<group>"; };
		8AD3FFC02C2E8E11003B0367 /* RegisterScreen.swift */ = {isa = PBXFileReference; lastKnownFileType = sourcecode.swift; path = RegisterScreen.swift; sourceTree = "<group>"; };
		8AD3FFC22C2E9643003B0367 /* LegoraThemeStyle.swift */ = {isa = PBXFileReference; lastKnownFileType = sourcecode.swift; path = LegoraThemeStyle.swift; sourceTree = "<group>"; };
		8AD3FFC42C2F3388003B0367 /* AuthViewModel.swift */ = {isa = PBXFileReference; lastKnownFileType = sourcecode.swift; path = AuthViewModel.swift; sourceTree = "<group>"; };
		8AD3FFC72C2F3483003B0367 /* AuthScreenListener.swift */ = {isa = PBXFileReference; lastKnownFileType = sourcecode.swift; path = AuthScreenListener.swift; sourceTree = "<group>"; };
		8AD3FFCA2C2F34C5003B0367 /* AuthViewModelImplementation.swift */ = {isa = PBXFileReference; lastKnownFileType = sourcecode.swift; path = AuthViewModelImplementation.swift; sourceTree = "<group>"; };
		8AD3FFCE2C2F374A003B0367 /* LegoraLoadingView.swift */ = {isa = PBXFileReference; lastKnownFileType = sourcecode.swift; path = LegoraLoadingView.swift; sourceTree = "<group>"; };
		8AD3FFD02C2F3869003B0367 /* ScreensDependencies.swift */ = {isa = PBXFileReference; lastKnownFileType = sourcecode.swift; path = ScreensDependencies.swift; sourceTree = "<group>"; };
		8AD3FFD22C307044003B0367 /* LegoraBottomSheetOptionsPicker.swift */ = {isa = PBXFileReference; lastKnownFileType = sourcecode.swift; path = LegoraBottomSheetOptionsPicker.swift; sourceTree = "<group>"; };
		8AD3FFD52C30707F003B0367 /* AuthBottomSheetOption.swift */ = {isa = PBXFileReference; lastKnownFileType = sourcecode.swift; path = AuthBottomSheetOption.swift; sourceTree = "<group>"; };
		8AD3FFD72C3070BC003B0367 /* AuthSelectionListener.swift */ = {isa = PBXFileReference; lastKnownFileType = sourcecode.swift; path = AuthSelectionListener.swift; sourceTree = "<group>"; };
		8AD3FFD92C3078EF003B0367 /* ChampionsScreen.swift */ = {isa = PBXFileReference; lastKnownFileType = sourcecode.swift; path = ChampionsScreen.swift; sourceTree = "<group>"; };
		8AD3FFDB2C307901003B0367 /* AccountScreen.swift */ = {isa = PBXFileReference; lastKnownFileType = sourcecode.swift; path = AccountScreen.swift; sourceTree = "<group>"; };
		8AD3FFDD2C307910003B0367 /* FeedScreen.swift */ = {isa = PBXFileReference; lastKnownFileType = sourcecode.swift; path = FeedScreen.swift; sourceTree = "<group>"; };
		8AD3FFDF2C30A556003B0367 /* ChampionsViewModel.swift */ = {isa = PBXFileReference; lastKnownFileType = sourcecode.swift; path = ChampionsViewModel.swift; sourceTree = "<group>"; };
		8AD3FFE12C346B1E003B0367 /* TitleWidget.swift */ = {isa = PBXFileReference; lastKnownFileType = sourcecode.swift; path = TitleWidget.swift; sourceTree = "<group>"; };
		8AD3FFE32C3798F4003B0367 /* ChampionItemView.swift */ = {isa = PBXFileReference; lastKnownFileType = sourcecode.swift; path = ChampionItemView.swift; sourceTree = "<group>"; };
		8AD3FFE52C381BAD003B0367 /* FreeChampionsView.swift */ = {isa = PBXFileReference; lastKnownFileType = sourcecode.swift; path = FreeChampionsView.swift; sourceTree = "<group>"; };
		A4A973F94C50DD16569E03A1 /* Pods_iosApp.framework */ = {isa = PBXFileReference; explicitFileType = wrapper.framework; includeInIndex = 0; path = Pods_iosApp.framework; sourceTree = BUILT_PRODUCTS_DIR; };
		AAA0B0BE2EAC56399B71F747 /* Pods-iosApp.release.xcconfig */ = {isa = PBXFileReference; includeInIndex = 1; lastKnownFileType = text.xcconfig; name = "Pods-iosApp.release.xcconfig"; path = "Target Support Files/Pods-iosApp/Pods-iosApp.release.xcconfig"; sourceTree = "<group>"; };
		AD448F702139C63E875778CD /* Pods-iosApp.debug.xcconfig */ = {isa = PBXFileReference; includeInIndex = 1; lastKnownFileType = text.xcconfig; name = "Pods-iosApp.debug.xcconfig"; path = "Target Support Files/Pods-iosApp/Pods-iosApp.debug.xcconfig"; sourceTree = "<group>"; };
/* End PBXFileReference section */

/* Begin PBXFrameworksBuildPhase section */
		19452693314E9144F7592C59 /* Frameworks */ = {
			isa = PBXFrameworksBuildPhase;
			buildActionMask = 2147483647;
			files = (
				07CA0B2F31E215A3D8EBD604 /* Pods_iosApp.framework in Frameworks */,
			);
			runOnlyForDeploymentPostprocessing = 0;
		};
/* End PBXFrameworksBuildPhase section */

/* Begin PBXGroup section */
		058557D7273AAEEB004C7B11 /* Preview Content */ = {
			isa = PBXGroup;
			children = (
				058557D8273AAEEB004C7B11 /* Preview Assets.xcassets */,
			);
			path = "Preview Content";
			sourceTree = "<group>";
		};
		35974FBF49FAF43E192E332D /* Pods */ = {
			isa = PBXGroup;
			children = (
				AD448F702139C63E875778CD /* Pods-iosApp.debug.xcconfig */,
				AAA0B0BE2EAC56399B71F747 /* Pods-iosApp.release.xcconfig */,
			);
			path = Pods;
			sourceTree = "<group>";
		};
		43E30462E40EDA4019715C04 /* Frameworks */ = {
			isa = PBXGroup;
			children = (
				A4A973F94C50DD16569E03A1 /* Pods_iosApp.framework */,
			);
			name = Frameworks;
			sourceTree = "<group>";
		};
		7555FF72242A565900829871 = {
			isa = PBXGroup;
			children = (
				7555FF7D242A565900829871 /* iosApp */,
				7555FF7C242A565900829871 /* Products */,
				35974FBF49FAF43E192E332D /* Pods */,
				43E30462E40EDA4019715C04 /* Frameworks */,
			);
			sourceTree = "<group>";
		};
		7555FF7C242A565900829871 /* Products */ = {
			isa = PBXGroup;
			children = (
				7555FF7B242A565900829871 /* iosApp.app */,
			);
			name = Products;
			sourceTree = "<group>";
		};
		7555FF7D242A565900829871 /* iosApp */ = {
			isa = PBXGroup;
			children = (
				8AD3FFD42C307073003B0367 /* Models */,
				8AD3FFC92C2F34BD003B0367 /* Impl */,
				8AD3FFC62C2F3476003B0367 /* Listeners */,
				8AD3FFBD2C2E8E01003B0367 /* SubScreens */,
				8AD3FFB42C2B4B70003B0367 /* ViewModels */,
				8AD3FFB32C2B4B69003B0367 /* Dependencies */,
				8AD3FFB22C2B4B5F003B0367 /* Views */,
				8AD3FFB12C2B4B58003B0367 /* Screens */,
				8AD3FFB02C2B4B53003B0367 /* Utils */,
				058557BA273AAA24004C7B11 /* Assets.xcassets */,
				7555FF82242A565900829871 /* SplashScreen.swift */,
				7555FF8C242A565B00829871 /* Info.plist */,
				2152FB032600AC8F00CF470E /* iOSApp.swift */,
				058557D7273AAEEB004C7B11 /* Preview Content */,
			);
			path = iosApp;
			sourceTree = "<group>";
		};
		8AD3FFB02C2B4B53003B0367 /* Utils */ = {
			isa = PBXGroup;
			children = (
				8AD3FFB72C2B4CE8003B0367 /* LegoraApplicationUtils.swift */,
				8AD3FFC22C2E9643003B0367 /* LegoraThemeStyle.swift */,
			);
			path = Utils;
			sourceTree = "<group>";
		};
		8AD3FFB12C2B4B58003B0367 /* Screens */ = {
			isa = PBXGroup;
			children = (
				8AD3FFB92C2B4D24003B0367 /* HomeScreen.swift */,
				8AD3FFBB2C2B4D2B003B0367 /* AuthScreen.swift */,
			);
			path = Screens;
			sourceTree = "<group>";
		};
		8AD3FFB22C2B4B5F003B0367 /* Views */ = {
			isa = PBXGroup;
			children = (
				8AD3FFCE2C2F374A003B0367 /* LegoraLoadingView.swift */,
				8AD3FFD22C307044003B0367 /* LegoraBottomSheetOptionsPicker.swift */,
				8AD3FFE12C346B1E003B0367 /* TitleWidget.swift */,
				8AD3FFE32C3798F4003B0367 /* ChampionItemView.swift */,
				8AD3FFE52C381BAD003B0367 /* FreeChampionsView.swift */,
			);
			path = Views;
			sourceTree = "<group>";
		};
		8AD3FFB32C2B4B69003B0367 /* Dependencies */ = {
			isa = PBXGroup;
			children = (
				8AD3FFB52C2B4B86003B0367 /* ApplicationDependenciesManager.swift */,
				8AD3FFD02C2F3869003B0367 /* ScreensDependencies.swift */,
			);
			path = Dependencies;
			sourceTree = "<group>";
		};
		8AD3FFB42C2B4B70003B0367 /* ViewModels */ = {
			isa = PBXGroup;
			children = (
				8AD3FFC42C2F3388003B0367 /* AuthViewModel.swift */,
				8AD3FFDF2C30A556003B0367 /* ChampionsViewModel.swift */,
			);
			path = ViewModels;
			sourceTree = "<group>";
		};
		8AD3FFBD2C2E8E01003B0367 /* SubScreens */ = {
			isa = PBXGroup;
			children = (
				8AD3FFBE2C2E8E0A003B0367 /* LoginScreen.swift */,
				8AD3FFC02C2E8E11003B0367 /* RegisterScreen.swift */,
				8AD3FFD92C3078EF003B0367 /* ChampionsScreen.swift */,
				8AD3FFDB2C307901003B0367 /* AccountScreen.swift */,
				8AD3FFDD2C307910003B0367 /* FeedScreen.swift */,
			);
			path = SubScreens;
			sourceTree = "<group>";
		};
		8AD3FFC62C2F3476003B0367 /* Listeners */ = {
			isa = PBXGroup;
			children = (
				8AD3FFC72C2F3483003B0367 /* AuthScreenListener.swift */,
			);
			path = Listeners;
			sourceTree = "<group>";
		};
		8AD3FFC92C2F34BD003B0367 /* Impl */ = {
			isa = PBXGroup;
			children = (
				8AD3FFCA2C2F34C5003B0367 /* AuthViewModelImplementation.swift */,
			);
			path = Impl;
			sourceTree = "<group>";
		};
		8AD3FFD42C307073003B0367 /* Models */ = {
			isa = PBXGroup;
			children = (
				8AD3FFD52C30707F003B0367 /* AuthBottomSheetOption.swift */,
				8AD3FFD72C3070BC003B0367 /* AuthSelectionListener.swift */,
			);
			path = Models;
			sourceTree = "<group>";
		};
/* End PBXGroup section */

/* Begin PBXNativeTarget section */
		7555FF7A242A565900829871 /* iosApp */ = {
			isa = PBXNativeTarget;
			buildConfigurationList = 7555FFA5242A565B00829871 /* Build configuration list for PBXNativeTarget "iosApp" */;
			buildPhases = (
				E99276CABEB973FB69413BEC /* [CP] Check Pods Manifest.lock */,
				7555FF77242A565900829871 /* Sources */,
				7555FF79242A565900829871 /* Resources */,
				19452693314E9144F7592C59 /* Frameworks */,
			);
			buildRules = (
			);
			dependencies = (
			);
			name = iosApp;
			productName = iosApp;
			productReference = 7555FF7B242A565900829871 /* iosApp.app */;
			productType = "com.apple.product-type.application";
		};
/* End PBXNativeTarget section */

/* Begin PBXProject section */
		7555FF73242A565900829871 /* Project object */ = {
			isa = PBXProject;
			attributes = {
				BuildIndependentTargetsInParallel = YES;
				LastSwiftUpdateCheck = 1130;
				LastUpgradeCheck = 1500;
				ORGANIZATIONNAME = orgName;
				TargetAttributes = {
					7555FF7A242A565900829871 = {
						CreatedOnToolsVersion = 11.3.1;
					};
				};
			};
			buildConfigurationList = 7555FF76242A565900829871 /* Build configuration list for PBXProject "iosApp" */;
			compatibilityVersion = "Xcode 9.3";
			developmentRegion = en;
			hasScannedForEncodings = 0;
			knownRegions = (
				en,
				Base,
			);
			mainGroup = 7555FF72242A565900829871;
			productRefGroup = 7555FF7C242A565900829871 /* Products */;
			projectDirPath = "";
			projectRoot = "";
			targets = (
				7555FF7A242A565900829871 /* iosApp */,
			);
		};
/* End PBXProject section */

/* Begin PBXResourcesBuildPhase section */
		7555FF79242A565900829871 /* Resources */ = {
			isa = PBXResourcesBuildPhase;
			buildActionMask = 2147483647;
			files = (
				058557D9273AAEEB004C7B11 /* Preview Assets.xcassets in Resources */,
				058557BB273AAA24004C7B11 /* Assets.xcassets in Resources */,
			);
			runOnlyForDeploymentPostprocessing = 0;
		};
/* End PBXResourcesBuildPhase section */

/* Begin PBXShellScriptBuildPhase section */
		E99276CABEB973FB69413BEC /* [CP] Check Pods Manifest.lock */ = {
			isa = PBXShellScriptBuildPhase;
			buildActionMask = 2147483647;
			files = (
			);
			inputFileListPaths = (
			);
			inputPaths = (
				"${PODS_PODFILE_DIR_PATH}/Podfile.lock",
				"${PODS_ROOT}/Manifest.lock",
			);
			name = "[CP] Check Pods Manifest.lock";
			outputFileListPaths = (
			);
			outputPaths = (
				"$(DERIVED_FILE_DIR)/Pods-iosApp-checkManifestLockResult.txt",
			);
			runOnlyForDeploymentPostprocessing = 0;
			shellPath = /bin/sh;
			shellScript = "diff \"${PODS_PODFILE_DIR_PATH}/Podfile.lock\" \"${PODS_ROOT}/Manifest.lock\" > /dev/null\nif [ $? != 0 ] ; then\n    # print error to STDERR\n    echo \"error: The sandbox is not in sync with the Podfile.lock. Run 'pod install' or update your CocoaPods installation.\" >&2\n    exit 1\nfi\n# This output is used by Xcode 'outputs' to avoid re-running this script phase.\necho \"SUCCESS\" > \"${SCRIPT_OUTPUT_FILE_0}\"\n";
			showEnvVarsInLog = 0;
		};
/* End PBXShellScriptBuildPhase section */

/* Begin PBXSourcesBuildPhase section */
		7555FF77242A565900829871 /* Sources */ = {
			isa = PBXSourcesBuildPhase;
			buildActionMask = 2147483647;
			files = (
				8AD3FFCF2C2F374A003B0367 /* LegoraLoadingView.swift in Sources */,
				8AD3FFC52C2F3388003B0367 /* AuthViewModel.swift in Sources */,
				8AD3FFB62C2B4B86003B0367 /* ApplicationDependenciesManager.swift in Sources */,
				8AD3FFBA2C2B4D24003B0367 /* HomeScreen.swift in Sources */,
				8AD3FFDA2C3078EF003B0367 /* ChampionsScreen.swift in Sources */,
				8AD3FFD82C3070BC003B0367 /* AuthSelectionListener.swift in Sources */,
				2152FB042600AC8F00CF470E /* iOSApp.swift in Sources */,
				8AD3FFB82C2B4CE8003B0367 /* LegoraApplicationUtils.swift in Sources */,
				8AD3FFD12C2F3869003B0367 /* ScreensDependencies.swift in Sources */,
				8AD3FFC12C2E8E11003B0367 /* RegisterScreen.swift in Sources */,
				8AD3FFE42C3798F4003B0367 /* ChampionItemView.swift in Sources */,
				8AD3FFBF2C2E8E0A003B0367 /* LoginScreen.swift in Sources */,
				7555FF83242A565900829871 /* SplashScreen.swift in Sources */,
				8AD3FFE22C346B1E003B0367 /* TitleWidget.swift in Sources */,
				8AD3FFE02C30A556003B0367 /* ChampionsViewModel.swift in Sources */,
				8AD3FFCB2C2F34C5003B0367 /* AuthViewModelImplementation.swift in Sources */,
				8AD3FFBC2C2B4D2B003B0367 /* AuthScreen.swift in Sources */,
				8AD3FFE62C381BAD003B0367 /* FreeChampionsView.swift in Sources */,
				8AD3FFC82C2F3483003B0367 /* AuthScreenListener.swift in Sources */,
				8AD3FFC32C2E9643003B0367 /* LegoraThemeStyle.swift in Sources */,
				8AD3FFD32C307044003B0367 /* LegoraBottomSheetOptionsPicker.swift in Sources */,
				8AD3FFD62C30707F003B0367 /* AuthBottomSheetOption.swift in Sources */,
				8AD3FFDC2C307901003B0367 /* AccountScreen.swift in Sources */,
				8AD3FFDE2C307910003B0367 /* FeedScreen.swift in Sources */,
			);
			runOnlyForDeploymentPostprocessing = 0;
		};
/* End PBXSourcesBuildPhase section */

/* Begin XCBuildConfiguration section */
		7555FFA3242A565B00829871 /* Debug */ = {
			isa = XCBuildConfiguration;
			buildSettings = {
				ALWAYS_SEARCH_USER_PATHS = NO;
				ASSETCATALOG_COMPILER_GENERATE_SWIFT_ASSET_SYMBOL_EXTENSIONS = YES;
				CLANG_ANALYZER_NONNULL = YES;
				CLANG_ANALYZER_NUMBER_OBJECT_CONVERSION = YES_AGGRESSIVE;
				CLANG_CXX_LANGUAGE_STANDARD = "gnu++14";
				CLANG_CXX_LIBRARY = "libc++";
				CLANG_ENABLE_MODULES = YES;
				CLANG_ENABLE_OBJC_ARC = YES;
				CLANG_ENABLE_OBJC_WEAK = YES;
				CLANG_WARN_BLOCK_CAPTURE_AUTORELEASING = YES;
				CLANG_WARN_BOOL_CONVERSION = YES;
				CLANG_WARN_COMMA = YES;
				CLANG_WARN_CONSTANT_CONVERSION = YES;
				CLANG_WARN_DEPRECATED_OBJC_IMPLEMENTATIONS = YES;
				CLANG_WARN_DIRECT_OBJC_ISA_USAGE = YES_ERROR;
				CLANG_WARN_DOCUMENTATION_COMMENTS = YES;
				CLANG_WARN_EMPTY_BODY = YES;
				CLANG_WARN_ENUM_CONVERSION = YES;
				CLANG_WARN_INFINITE_RECURSION = YES;
				CLANG_WARN_INT_CONVERSION = YES;
				CLANG_WARN_NON_LITERAL_NULL_CONVERSION = YES;
				CLANG_WARN_OBJC_IMPLICIT_RETAIN_SELF = YES;
				CLANG_WARN_OBJC_LITERAL_CONVERSION = YES;
				CLANG_WARN_OBJC_ROOT_CLASS = YES_ERROR;
				CLANG_WARN_QUOTED_INCLUDE_IN_FRAMEWORK_HEADER = YES;
				CLANG_WARN_RANGE_LOOP_ANALYSIS = YES;
				CLANG_WARN_STRICT_PROTOTYPES = YES;
				CLANG_WARN_SUSPICIOUS_MOVE = YES;
				CLANG_WARN_UNGUARDED_AVAILABILITY = YES_AGGRESSIVE;
				CLANG_WARN_UNREACHABLE_CODE = YES;
				CLANG_WARN__DUPLICATE_METHOD_MATCH = YES;
				COPY_PHASE_STRIP = NO;
				DEBUG_INFORMATION_FORMAT = "dwarf-with-dsym";
				ENABLE_STRICT_OBJC_MSGSEND = YES;
				ENABLE_TESTABILITY = YES;
				GCC_C_LANGUAGE_STANDARD = gnu11;
				GCC_DYNAMIC_NO_PIC = NO;
				GCC_NO_COMMON_BLOCKS = YES;
				GCC_OPTIMIZATION_LEVEL = 0;
				GCC_PREPROCESSOR_DEFINITIONS = (
					"DEBUG=1",
					"$(inherited)",
				);
				GCC_WARN_64_TO_32_BIT_CONVERSION = YES;
				GCC_WARN_ABOUT_RETURN_TYPE = YES_ERROR;
				GCC_WARN_UNDECLARED_SELECTOR = YES;
				GCC_WARN_UNINITIALIZED_AUTOS = YES_AGGRESSIVE;
				GCC_WARN_UNUSED_FUNCTION = YES;
				GCC_WARN_UNUSED_VARIABLE = YES;
				IPHONEOS_DEPLOYMENT_TARGET = 16.0;
				MTL_ENABLE_DEBUG_INFO = INCLUDE_SOURCE;
				MTL_FAST_MATH = YES;
				ONLY_ACTIVE_ARCH = YES;
				SDKROOT = iphoneos;
				SWIFT_ACTIVE_COMPILATION_CONDITIONS = DEBUG;
				SWIFT_OPTIMIZATION_LEVEL = "-Onone";
			};
			name = Debug;
		};
		7555FFA4242A565B00829871 /* Release */ = {
			isa = XCBuildConfiguration;
			buildSettings = {
				ALWAYS_SEARCH_USER_PATHS = NO;
				ASSETCATALOG_COMPILER_GENERATE_SWIFT_ASSET_SYMBOL_EXTENSIONS = YES;
				CLANG_ANALYZER_NONNULL = YES;
				CLANG_ANALYZER_NUMBER_OBJECT_CONVERSION = YES_AGGRESSIVE;
				CLANG_CXX_LANGUAGE_STANDARD = "gnu++14";
				CLANG_CXX_LIBRARY = "libc++";
				CLANG_ENABLE_MODULES = YES;
				CLANG_ENABLE_OBJC_ARC = YES;
				CLANG_ENABLE_OBJC_WEAK = YES;
				CLANG_WARN_BLOCK_CAPTURE_AUTORELEASING = YES;
				CLANG_WARN_BOOL_CONVERSION = YES;
				CLANG_WARN_COMMA = YES;
				CLANG_WARN_CONSTANT_CONVERSION = YES;
				CLANG_WARN_DEPRECATED_OBJC_IMPLEMENTATIONS = YES;
				CLANG_WARN_DIRECT_OBJC_ISA_USAGE = YES_ERROR;
				CLANG_WARN_DOCUMENTATION_COMMENTS = YES;
				CLANG_WARN_EMPTY_BODY = YES;
				CLANG_WARN_ENUM_CONVERSION = YES;
				CLANG_WARN_INFINITE_RECURSION = YES;
				CLANG_WARN_INT_CONVERSION = YES;
				CLANG_WARN_NON_LITERAL_NULL_CONVERSION = YES;
				CLANG_WARN_OBJC_IMPLICIT_RETAIN_SELF = YES;
				CLANG_WARN_OBJC_LITERAL_CONVERSION = YES;
				CLANG_WARN_OBJC_ROOT_CLASS = YES_ERROR;
				CLANG_WARN_QUOTED_INCLUDE_IN_FRAMEWORK_HEADER = YES;
				CLANG_WARN_RANGE_LOOP_ANALYSIS = YES;
				CLANG_WARN_STRICT_PROTOTYPES = YES;
				CLANG_WARN_SUSPICIOUS_MOVE = YES;
				CLANG_WARN_UNGUARDED_AVAILABILITY = YES_AGGRESSIVE;
				CLANG_WARN_UNREACHABLE_CODE = YES;
				CLANG_WARN__DUPLICATE_METHOD_MATCH = YES;
				COPY_PHASE_STRIP = NO;
				DEBUG_INFORMATION_FORMAT = "dwarf-with-dsym";
				ENABLE_NS_ASSERTIONS = NO;
				ENABLE_STRICT_OBJC_MSGSEND = YES;
				GCC_C_LANGUAGE_STANDARD = gnu11;
				GCC_NO_COMMON_BLOCKS = YES;
				GCC_WARN_64_TO_32_BIT_CONVERSION = YES;
				GCC_WARN_ABOUT_RETURN_TYPE = YES_ERROR;
				GCC_WARN_UNDECLARED_SELECTOR = YES;
				GCC_WARN_UNINITIALIZED_AUTOS = YES_AGGRESSIVE;
				GCC_WARN_UNUSED_FUNCTION = YES;
				GCC_WARN_UNUSED_VARIABLE = YES;
				IPHONEOS_DEPLOYMENT_TARGET = 16.0;
				MTL_ENABLE_DEBUG_INFO = NO;
				MTL_FAST_MATH = YES;
				SDKROOT = iphoneos;
				SWIFT_COMPILATION_MODE = wholemodule;
				SWIFT_OPTIMIZATION_LEVEL = "-O";
				VALIDATE_PRODUCT = YES;
			};
			name = Release;
		};
		7555FFA6242A565B00829871 /* Debug */ = {
			isa = XCBuildConfiguration;
			baseConfigurationReference = AD448F702139C63E875778CD /* Pods-iosApp.debug.xcconfig */;
			buildSettings = {
				ASSETCATALOG_COMPILER_APPICON_NAME = AppIcon;
				CODE_SIGN_STYLE = Automatic;
				DEVELOPMENT_ASSET_PATHS = "\"iosApp/Preview Content\"";
				DEVELOPMENT_TEAM = U579RMQ3VY;
				ENABLE_PREVIEWS = YES;
				INFOPLIST_FILE = iosApp/Info.plist;
				IPHONEOS_DEPLOYMENT_TARGET = 16.0;
				LD_RUNPATH_SEARCH_PATHS = (
					"$(inherited)",
					"@executable_path/Frameworks",
				);
				PRODUCT_BUNDLE_IDENTIFIER = com.yazantarifi.legora;
				PRODUCT_NAME = "$(TARGET_NAME)";
				SWIFT_VERSION = 5.0;
				TARGETED_DEVICE_FAMILY = "1,2";
			};
			name = Debug;
		};
		7555FFA7242A565B00829871 /* Release */ = {
			isa = XCBuildConfiguration;
			baseConfigurationReference = AAA0B0BE2EAC56399B71F747 /* Pods-iosApp.release.xcconfig */;
			buildSettings = {
				ASSETCATALOG_COMPILER_APPICON_NAME = AppIcon;
				CODE_SIGN_STYLE = Automatic;
				DEVELOPMENT_ASSET_PATHS = "\"iosApp/Preview Content\"";
				DEVELOPMENT_TEAM = U579RMQ3VY;
				ENABLE_PREVIEWS = YES;
				INFOPLIST_FILE = iosApp/Info.plist;
				IPHONEOS_DEPLOYMENT_TARGET = 16.0;
				LD_RUNPATH_SEARCH_PATHS = (
					"$(inherited)",
					"@executable_path/Frameworks",
				);
				PRODUCT_BUNDLE_IDENTIFIER = com.yazantarifi.legora;
				PRODUCT_NAME = "$(TARGET_NAME)";
				SWIFT_VERSION = 5.0;
				TARGETED_DEVICE_FAMILY = "1,2";
			};
			name = Release;
		};
/* End XCBuildConfiguration section */

/* Begin XCConfigurationList section */
		7555FF76242A565900829871 /* Build configuration list for PBXProject "iosApp" */ = {
			isa = XCConfigurationList;
			buildConfigurations = (
				7555FFA3242A565B00829871 /* Debug */,
				7555FFA4242A565B00829871 /* Release */,
			);
			defaultConfigurationIsVisible = 0;
			defaultConfigurationName = Release;
		};
		7555FFA5242A565B00829871 /* Build configuration list for PBXNativeTarget "iosApp" */ = {
			isa = XCConfigurationList;
			buildConfigurations = (
				7555FFA6242A565B00829871 /* Debug */,
				7555FFA7242A565B00829871 /* Release */,
			);
			defaultConfigurationIsVisible = 0;
			defaultConfigurationName = Release;
		};
/* End XCConfigurationList section */
	};
	rootObject = 7555FF73242A565900829871 /* Project object */;
}
